
Microsoft Visual Studio Solution File, Format Version 12.00
# Visual Studio Version 16
VisualStudioVersion = 16.0.30413.136
MinimumVisualStudioVersion = 10.0.40219.1
Project("{888888A0-9F3D-457C-B088-3A5042F75D52}") = "Problem-050", "Problem-050\Problem-050.pyproj", "{1E204701-E7FC-4A55-82B1-5A7DF15F61FA}"
EndProject
Global
	GlobalSection(SolutionConfigurationPlatforms) = preSolution
		Debug|Any CPU = Debug|Any CPU
		Release|Any CPU = Release|Any CPU
	EndGlobalSection
	GlobalSection(ProjectConfigurationPlatforms) = postSolution
		{1E204701-E7FC-4A55-82B1-5A7DF15F61FA}.Debug|Any CPU.ActiveCfg = Debug|Any CPU
		{1E204701-E7FC-4A55-82B1-5A7DF15F61FA}.Release|Any CPU.ActiveCfg = Release|Any CPU
	EndGlobalSection
	GlobalSection(SolutionProperties) = preSolution
		HideSolutionNode = FALSE
	EndGlobalSection
	GlobalSection(ExtensibilityGlobals) = postSolution
		SolutionGuid = {628ECA2D-0481-4353-957F-25CC3C0C984F}
	EndGlobalSection
EndGlobal
