
Microsoft Visual Studio Solution File, Format Version 12.00
# Visual Studio Version 16
VisualStudioVersion = 16.0.30330.147
MinimumVisualStudioVersion = 10.0.40219.1
Project("{888888A0-9F3D-457C-B088-3A5042F75D52}") = "Problem-032", "Problem-032\Problem-032.pyproj", "{757C1F44-5C96-4591-B37F-48BF129D43D4}"
EndProject
Global
	GlobalSection(SolutionConfigurationPlatforms) = preSolution
		Debug|Any CPU = Debug|Any CPU
		Release|Any CPU = Release|Any CPU
	EndGlobalSection
	GlobalSection(ProjectConfigurationPlatforms) = postSolution
		{757C1F44-5C96-4591-B37F-48BF129D43D4}.Debug|Any CPU.ActiveCfg = Debug|Any CPU
		{757C1F44-5C96-4591-B37F-48BF129D43D4}.Release|Any CPU.ActiveCfg = Release|Any CPU
	EndGlobalSection
	GlobalSection(SolutionProperties) = preSolution
		HideSolutionNode = FALSE
	EndGlobalSection
	GlobalSection(ExtensibilityGlobals) = postSolution
		SolutionGuid = {16989A8F-547B-47D6-A0D3-3E32A188A207}
	EndGlobalSection
EndGlobal
