
Microsoft Visual Studio Solution File, Format Version 12.00
# Visual Studio Version 16
VisualStudioVersion = 16.0.30330.147
MinimumVisualStudioVersion = 10.0.40219.1
Project("{888888A0-9F3D-457C-B088-3A5042F75D52}") = "Problem-040", "Problem-040\Problem-040.pyproj", "{E96695CA-8501-4C2A-A1AD-9AAEF14A9C74}"
EndProject
Global
	GlobalSection(SolutionConfigurationPlatforms) = preSolution
		Debug|Any CPU = Debug|Any CPU
		Release|Any CPU = Release|Any CPU
	EndGlobalSection
	GlobalSection(ProjectConfigurationPlatforms) = postSolution
		{E96695CA-8501-4C2A-A1AD-9AAEF14A9C74}.Debug|Any CPU.ActiveCfg = Debug|Any CPU
		{E96695CA-8501-4C2A-A1AD-9AAEF14A9C74}.Release|Any CPU.ActiveCfg = Release|Any CPU
	EndGlobalSection
	GlobalSection(SolutionProperties) = preSolution
		HideSolutionNode = FALSE
	EndGlobalSection
	GlobalSection(ExtensibilityGlobals) = postSolution
		SolutionGuid = {E19CE873-A152-4C08-AB76-4FDE88EC0E3B}
	EndGlobalSection
EndGlobal
