
Microsoft Visual Studio Solution File, Format Version 12.00
# Visual Studio Version 16
VisualStudioVersion = 16.0.30330.147
MinimumVisualStudioVersion = 10.0.40219.1
Project("{888888A0-9F3D-457C-B088-3A5042F75D52}") = "Problem-028", "Problem-028\Problem-028.pyproj", "{D8ED3684-8713-4A1B-BDAC-931758CDB6E8}"
EndProject
Global
	GlobalSection(SolutionConfigurationPlatforms) = preSolution
		Debug|Any CPU = Debug|Any CPU
		Release|Any CPU = Release|Any CPU
	EndGlobalSection
	GlobalSection(ProjectConfigurationPlatforms) = postSolution
		{D8ED3684-8713-4A1B-BDAC-931758CDB6E8}.Debug|Any CPU.ActiveCfg = Debug|Any CPU
		{D8ED3684-8713-4A1B-BDAC-931758CDB6E8}.Release|Any CPU.ActiveCfg = Release|Any CPU
	EndGlobalSection
	GlobalSection(SolutionProperties) = preSolution
		HideSolutionNode = FALSE
	EndGlobalSection
	GlobalSection(ExtensibilityGlobals) = postSolution
		SolutionGuid = {4CC832B6-0320-48B4-B0E8-75CAAFDF468C}
	EndGlobalSection
EndGlobal
