
Microsoft Visual Studio Solution File, Format Version 12.00
# Visual Studio Version 16
VisualStudioVersion = 16.0.30413.136
MinimumVisualStudioVersion = 10.0.40219.1
Project("{888888A0-9F3D-457C-B088-3A5042F75D52}") = "Problem-048", "Problem-048\Problem-048.pyproj", "{3738C022-FBFB-4532-A5A0-9F12933C76BE}"
EndProject
Global
	GlobalSection(SolutionConfigurationPlatforms) = preSolution
		Debug|Any CPU = Debug|Any CPU
		Release|Any CPU = Release|Any CPU
	EndGlobalSection
	GlobalSection(ProjectConfigurationPlatforms) = postSolution
		{3738C022-FBFB-4532-A5A0-9F12933C76BE}.Debug|Any CPU.ActiveCfg = Debug|Any CPU
		{3738C022-FBFB-4532-A5A0-9F12933C76BE}.Release|Any CPU.ActiveCfg = Release|Any CPU
	EndGlobalSection
	GlobalSection(SolutionProperties) = preSolution
		HideSolutionNode = FALSE
	EndGlobalSection
	GlobalSection(ExtensibilityGlobals) = postSolution
		SolutionGuid = {D52399FA-AC62-4C64-A554-CB7870E46FB7}
	EndGlobalSection
EndGlobal
