
Microsoft Visual Studio Solution File, Format Version 12.00
# Visual Studio Version 16
VisualStudioVersion = 16.0.30413.136
MinimumVisualStudioVersion = 10.0.40219.1
Project("{888888A0-9F3D-457C-B088-3A5042F75D52}") = "Problem-046", "Problem-046\Problem-046.pyproj", "{47ABB11E-F37A-416D-B93A-9DD9C4A8932E}"
EndProject
Global
	GlobalSection(SolutionConfigurationPlatforms) = preSolution
		Debug|Any CPU = Debug|Any CPU
		Release|Any CPU = Release|Any CPU
	EndGlobalSection
	GlobalSection(ProjectConfigurationPlatforms) = postSolution
		{47ABB11E-F37A-416D-B93A-9DD9C4A8932E}.Debug|Any CPU.ActiveCfg = Debug|Any CPU
		{47ABB11E-F37A-416D-B93A-9DD9C4A8932E}.Release|Any CPU.ActiveCfg = Release|Any CPU
	EndGlobalSection
	GlobalSection(SolutionProperties) = preSolution
		HideSolutionNode = FALSE
	EndGlobalSection
	GlobalSection(ExtensibilityGlobals) = postSolution
		SolutionGuid = {FAE4A7C4-3149-44BF-A7D0-9D117B06CD99}
	EndGlobalSection
EndGlobal
