
Microsoft Visual Studio Solution File, Format Version 12.00
# Visual Studio Version 16
VisualStudioVersion = 16.0.30114.105
MinimumVisualStudioVersion = 10.0.40219.1
Project("{888888A0-9F3D-457C-B088-3A5042F75D52}") = "Problem-021", "Problem-021\Problem-021.pyproj", "{A6102742-3BCF-4796-B2BF-56F18C275894}"
EndProject
Global
	GlobalSection(SolutionConfigurationPlatforms) = preSolution
		Debug|Any CPU = Debug|Any CPU
		Release|Any CPU = Release|Any CPU
	EndGlobalSection
	GlobalSection(ProjectConfigurationPlatforms) = postSolution
		{A6102742-3BCF-4796-B2BF-56F18C275894}.Debug|Any CPU.ActiveCfg = Debug|Any CPU
		{A6102742-3BCF-4796-B2BF-56F18C275894}.Release|Any CPU.ActiveCfg = Release|Any CPU
	EndGlobalSection
	GlobalSection(SolutionProperties) = preSolution
		HideSolutionNode = FALSE
	EndGlobalSection
	GlobalSection(ExtensibilityGlobals) = postSolution
		SolutionGuid = {3373C4B9-EE09-4F13-A6D8-A4D923038353}
	EndGlobalSection
EndGlobal
