
Microsoft Visual Studio Solution File, Format Version 12.00
# Visual Studio Version 16
VisualStudioVersion = 16.0.30114.105
MinimumVisualStudioVersion = 10.0.40219.1
Project("{888888A0-9F3D-457C-B088-3A5042F75D52}") = "Problem-008", "Problem-008\Problem-008.pyproj", "{53EE9B75-6050-434F-9A5B-200048EDFFDC}"
EndProject
Global
	GlobalSection(SolutionConfigurationPlatforms) = preSolution
		Debug|Any CPU = Debug|Any CPU
		Release|Any CPU = Release|Any CPU
	EndGlobalSection
	GlobalSection(ProjectConfigurationPlatforms) = postSolution
		{53EE9B75-6050-434F-9A5B-200048EDFFDC}.Debug|Any CPU.ActiveCfg = Debug|Any CPU
		{53EE9B75-6050-434F-9A5B-200048EDFFDC}.Release|Any CPU.ActiveCfg = Release|Any CPU
	EndGlobalSection
	GlobalSection(SolutionProperties) = preSolution
		HideSolutionNode = FALSE
	EndGlobalSection
	GlobalSection(ExtensibilityGlobals) = postSolution
		SolutionGuid = {BF6688D1-C4F3-43C8-A4B3-F2284BE0EE2B}
	EndGlobalSection
EndGlobal
