
Microsoft Visual Studio Solution File, Format Version 12.00
# Visual Studio Version 16
VisualStudioVersion = 16.0.30330.147
MinimumVisualStudioVersion = 10.0.40219.1
Project("{888888A0-9F3D-457C-B088-3A5042F75D52}") = "Problem-029", "Problem-029\Problem-029.pyproj", "{C637E136-8102-4CEA-98FE-BD67CB824813}"
EndProject
Global
	GlobalSection(SolutionConfigurationPlatforms) = preSolution
		Debug|Any CPU = Debug|Any CPU
		Release|Any CPU = Release|Any CPU
	EndGlobalSection
	GlobalSection(ProjectConfigurationPlatforms) = postSolution
		{C637E136-8102-4CEA-98FE-BD67CB824813}.Debug|Any CPU.ActiveCfg = Debug|Any CPU
		{C637E136-8102-4CEA-98FE-BD67CB824813}.Release|Any CPU.ActiveCfg = Release|Any CPU
	EndGlobalSection
	GlobalSection(SolutionProperties) = preSolution
		HideSolutionNode = FALSE
	EndGlobalSection
	GlobalSection(ExtensibilityGlobals) = postSolution
		SolutionGuid = {6951BD93-21BD-42D8-AFE5-E4FBCF184509}
	EndGlobalSection
EndGlobal
