
Microsoft Visual Studio Solution File, Format Version 12.00
# Visual Studio Version 16
VisualStudioVersion = 16.0.30413.136
MinimumVisualStudioVersion = 10.0.40219.1
Project("{888888A0-9F3D-457C-B088-3A5042F75D52}") = "Problem-049", "Problem-049\Problem-049.pyproj", "{B4ABCD56-226D-473D-85B9-254E39FA9203}"
EndProject
Global
	GlobalSection(SolutionConfigurationPlatforms) = preSolution
		Debug|Any CPU = Debug|Any CPU
		Release|Any CPU = Release|Any CPU
	EndGlobalSection
	GlobalSection(ProjectConfigurationPlatforms) = postSolution
		{B4ABCD56-226D-473D-85B9-254E39FA9203}.Debug|Any CPU.ActiveCfg = Debug|Any CPU
		{B4ABCD56-226D-473D-85B9-254E39FA9203}.Release|Any CPU.ActiveCfg = Release|Any CPU
	EndGlobalSection
	GlobalSection(SolutionProperties) = preSolution
		HideSolutionNode = FALSE
	EndGlobalSection
	GlobalSection(ExtensibilityGlobals) = postSolution
		SolutionGuid = {0EEBA613-6722-41FC-AC3B-61C5E09107D0}
	EndGlobalSection
EndGlobal
