
Microsoft Visual Studio Solution File, Format Version 12.00
# Visual Studio Version 16
VisualStudioVersion = 16.0.30114.105
MinimumVisualStudioVersion = 10.0.40219.1
Project("{888888A0-9F3D-457C-B088-3A5042F75D52}") = "Problem-001", "Problem-001\Problem-001.pyproj", "{53370F66-C1DB-4F08-8229-73F42D2A27B1}"
EndProject
Global
	GlobalSection(SolutionConfigurationPlatforms) = preSolution
		Debug|Any CPU = Debug|Any CPU
		Release|Any CPU = Release|Any CPU
	EndGlobalSection
	GlobalSection(ProjectConfigurationPlatforms) = postSolution
		{53370F66-C1DB-4F08-8229-73F42D2A27B1}.Debug|Any CPU.ActiveCfg = Debug|Any CPU
		{53370F66-C1DB-4F08-8229-73F42D2A27B1}.Release|Any CPU.ActiveCfg = Release|Any CPU
	EndGlobalSection
	GlobalSection(SolutionProperties) = preSolution
		HideSolutionNode = FALSE
	EndGlobalSection
	GlobalSection(ExtensibilityGlobals) = postSolution
		SolutionGuid = {22D82AA7-14BD-4F39-B2C0-47A610828C7F}
	EndGlobalSection
EndGlobal
