
Microsoft Visual Studio Solution File, Format Version 12.00
# Visual Studio Version 16
VisualStudioVersion = 16.0.30114.105
MinimumVisualStudioVersion = 10.0.40219.1
Project("{888888A0-9F3D-457C-B088-3A5042F75D52}") = "Problem-012", "Problem-012\Problem-012.pyproj", "{CEA51D69-C464-4D10-9E34-FCE068433843}"
EndProject
Global
	GlobalSection(SolutionConfigurationPlatforms) = preSolution
		Debug|Any CPU = Debug|Any CPU
		Release|Any CPU = Release|Any CPU
	EndGlobalSection
	GlobalSection(ProjectConfigurationPlatforms) = postSolution
		{CEA51D69-C464-4D10-9E34-FCE068433843}.Debug|Any CPU.ActiveCfg = Debug|Any CPU
		{CEA51D69-C464-4D10-9E34-FCE068433843}.Release|Any CPU.ActiveCfg = Release|Any CPU
	EndGlobalSection
	GlobalSection(SolutionProperties) = preSolution
		HideSolutionNode = FALSE
	EndGlobalSection
	GlobalSection(ExtensibilityGlobals) = postSolution
		SolutionGuid = {C212B24A-26C9-4081-B412-00E2A7832A43}
	EndGlobalSection
EndGlobal
