
Microsoft Visual Studio Solution File, Format Version 12.00
# Visual Studio Version 16
VisualStudioVersion = 16.0.30114.105
MinimumVisualStudioVersion = 10.0.40219.1
Project("{888888A0-9F3D-457C-B088-3A5042F75D52}") = "Problem-013", "Problem-013\Problem-013.pyproj", "{5FE71F18-937C-419C-80D2-114ED5A9FE60}"
EndProject
Global
	GlobalSection(SolutionConfigurationPlatforms) = preSolution
		Debug|Any CPU = Debug|Any CPU
		Release|Any CPU = Release|Any CPU
	EndGlobalSection
	GlobalSection(ProjectConfigurationPlatforms) = postSolution
		{5FE71F18-937C-419C-80D2-114ED5A9FE60}.Debug|Any CPU.ActiveCfg = Debug|Any CPU
		{5FE71F18-937C-419C-80D2-114ED5A9FE60}.Release|Any CPU.ActiveCfg = Release|Any CPU
	EndGlobalSection
	GlobalSection(SolutionProperties) = preSolution
		HideSolutionNode = FALSE
	EndGlobalSection
	GlobalSection(ExtensibilityGlobals) = postSolution
		SolutionGuid = {5D76F6B1-C9D1-42C8-A3F0-C3E199BAFC3E}
	EndGlobalSection
EndGlobal
