
Microsoft Visual Studio Solution File, Format Version 12.00
# Visual Studio Version 16
VisualStudioVersion = 16.0.30114.105
MinimumVisualStudioVersion = 10.0.40219.1
Project("{888888A0-9F3D-457C-B088-3A5042F75D52}") = "Problem-020", "Problem-020\Problem-020.pyproj", "{F78CCE99-7AB0-4FDE-B6EA-596D0A2019AA}"
EndProject
Global
	GlobalSection(SolutionConfigurationPlatforms) = preSolution
		Debug|Any CPU = Debug|Any CPU
		Release|Any CPU = Release|Any CPU
	EndGlobalSection
	GlobalSection(ProjectConfigurationPlatforms) = postSolution
		{F78CCE99-7AB0-4FDE-B6EA-596D0A2019AA}.Debug|Any CPU.ActiveCfg = Debug|Any CPU
		{F78CCE99-7AB0-4FDE-B6EA-596D0A2019AA}.Release|Any CPU.ActiveCfg = Release|Any CPU
	EndGlobalSection
	GlobalSection(SolutionProperties) = preSolution
		HideSolutionNode = FALSE
	EndGlobalSection
	GlobalSection(ExtensibilityGlobals) = postSolution
		SolutionGuid = {29A8133A-5AFA-4DB2-B4C3-B02BDDFD883E}
	EndGlobalSection
EndGlobal
