
Microsoft Visual Studio Solution File, Format Version 12.00
# Visual Studio Version 16
VisualStudioVersion = 16.0.30114.105
MinimumVisualStudioVersion = 10.0.40219.1
Project("{888888A0-9F3D-457C-B088-3A5042F75D52}") = "Problem-016", "Problem-016\Problem-016.pyproj", "{443F1387-5F43-4D49-94D7-5D74BB5ED83F}"
EndProject
Global
	GlobalSection(SolutionConfigurationPlatforms) = preSolution
		Debug|Any CPU = Debug|Any CPU
		Release|Any CPU = Release|Any CPU
	EndGlobalSection
	GlobalSection(ProjectConfigurationPlatforms) = postSolution
		{443F1387-5F43-4D49-94D7-5D74BB5ED83F}.Debug|Any CPU.ActiveCfg = Debug|Any CPU
		{443F1387-5F43-4D49-94D7-5D74BB5ED83F}.Release|Any CPU.ActiveCfg = Release|Any CPU
	EndGlobalSection
	GlobalSection(SolutionProperties) = preSolution
		HideSolutionNode = FALSE
	EndGlobalSection
	GlobalSection(ExtensibilityGlobals) = postSolution
		SolutionGuid = {8914D299-C873-463F-8B76-3416859555B1}
	EndGlobalSection
EndGlobal
