
Microsoft Visual Studio Solution File, Format Version 12.00
# Visual Studio Version 16
VisualStudioVersion = 16.0.30413.136
MinimumVisualStudioVersion = 10.0.40219.1
Project("{888888A0-9F3D-457C-B088-3A5042F75D52}") = "Problem-044", "Problem-044\Problem-044.pyproj", "{A7B1DE93-930C-4EF8-977E-A72E186EA43A}"
EndProject
Global
	GlobalSection(SolutionConfigurationPlatforms) = preSolution
		Debug|Any CPU = Debug|Any CPU
		Release|Any CPU = Release|Any CPU
	EndGlobalSection
	GlobalSection(ProjectConfigurationPlatforms) = postSolution
		{A7B1DE93-930C-4EF8-977E-A72E186EA43A}.Debug|Any CPU.ActiveCfg = Debug|Any CPU
		{A7B1DE93-930C-4EF8-977E-A72E186EA43A}.Release|Any CPU.ActiveCfg = Release|Any CPU
	EndGlobalSection
	GlobalSection(SolutionProperties) = preSolution
		HideSolutionNode = FALSE
	EndGlobalSection
	GlobalSection(ExtensibilityGlobals) = postSolution
		SolutionGuid = {0160FBFA-980C-41E8-BA44-28A6FB051670}
	EndGlobalSection
EndGlobal
