
Microsoft Visual Studio Solution File, Format Version 12.00
# Visual Studio Version 16
VisualStudioVersion = 16.0.30114.105
MinimumVisualStudioVersion = 10.0.40219.1
Project("{888888A0-9F3D-457C-B088-3A5042F75D52}") = "Problem-019", "Problem-019\Problem-019.pyproj", "{A5C58622-B619-49CB-80BA-E306E8CBC56B}"
EndProject
Global
	GlobalSection(SolutionConfigurationPlatforms) = preSolution
		Debug|Any CPU = Debug|Any CPU
		Release|Any CPU = Release|Any CPU
	EndGlobalSection
	GlobalSection(ProjectConfigurationPlatforms) = postSolution
		{A5C58622-B619-49CB-80BA-E306E8CBC56B}.Debug|Any CPU.ActiveCfg = Debug|Any CPU
		{A5C58622-B619-49CB-80BA-E306E8CBC56B}.Release|Any CPU.ActiveCfg = Release|Any CPU
	EndGlobalSection
	GlobalSection(SolutionProperties) = preSolution
		HideSolutionNode = FALSE
	EndGlobalSection
	GlobalSection(ExtensibilityGlobals) = postSolution
		SolutionGuid = {D6DA6FEC-4393-4536-9703-E74E3236A465}
	EndGlobalSection
EndGlobal
