
Microsoft Visual Studio Solution File, Format Version 12.00
# Visual Studio Version 16
VisualStudioVersion = 16.0.30114.105
MinimumVisualStudioVersion = 10.0.40219.1
Project("{888888A0-9F3D-457C-B088-3A5042F75D52}") = "Problem-005", "Problem-005\Problem-005.pyproj", "{D8679DC5-B5FA-45FC-9E4C-9C9587FCB505}"
EndProject
Global
	GlobalSection(SolutionConfigurationPlatforms) = preSolution
		Debug|Any CPU = Debug|Any CPU
		Release|Any CPU = Release|Any CPU
	EndGlobalSection
	GlobalSection(ProjectConfigurationPlatforms) = postSolution
		{D8679DC5-B5FA-45FC-9E4C-9C9587FCB505}.Debug|Any CPU.ActiveCfg = Debug|Any CPU
		{D8679DC5-B5FA-45FC-9E4C-9C9587FCB505}.Release|Any CPU.ActiveCfg = Release|Any CPU
	EndGlobalSection
	GlobalSection(SolutionProperties) = preSolution
		HideSolutionNode = FALSE
	EndGlobalSection
	GlobalSection(ExtensibilityGlobals) = postSolution
		SolutionGuid = {D844B438-A08F-4BB9-99C6-90CF52098107}
	EndGlobalSection
EndGlobal
