
Microsoft Visual Studio Solution File, Format Version 12.00
# Visual Studio Version 16
VisualStudioVersion = 16.0.30114.105
MinimumVisualStudioVersion = 10.0.40219.1
Project("{888888A0-9F3D-457C-B088-3A5042F75D52}") = "Problem-010", "Problem-010\Problem-010.pyproj", "{51A12BAC-3E8B-45F6-BEFD-B4E8CF58FA39}"
EndProject
Global
	GlobalSection(SolutionConfigurationPlatforms) = preSolution
		Debug|Any CPU = Debug|Any CPU
		Release|Any CPU = Release|Any CPU
	EndGlobalSection
	GlobalSection(ProjectConfigurationPlatforms) = postSolution
		{51A12BAC-3E8B-45F6-BEFD-B4E8CF58FA39}.Debug|Any CPU.ActiveCfg = Debug|Any CPU
		{51A12BAC-3E8B-45F6-BEFD-B4E8CF58FA39}.Release|Any CPU.ActiveCfg = Release|Any CPU
	EndGlobalSection
	GlobalSection(SolutionProperties) = preSolution
		HideSolutionNode = FALSE
	EndGlobalSection
	GlobalSection(ExtensibilityGlobals) = postSolution
		SolutionGuid = {34A48B77-79E7-45DE-862A-3A1942C4F2AD}
	EndGlobalSection
EndGlobal
