
Microsoft Visual Studio Solution File, Format Version 12.00
# Visual Studio Version 16
VisualStudioVersion = 16.0.30330.147
MinimumVisualStudioVersion = 10.0.40219.1
Project("{888888A0-9F3D-457C-B088-3A5042F75D52}") = "Problem-036", "Problem-036\Problem-036.pyproj", "{C5F5FD38-3715-43B7-AD7D-DF924BF6E389}"
EndProject
Global
	GlobalSection(SolutionConfigurationPlatforms) = preSolution
		Debug|Any CPU = Debug|Any CPU
		Release|Any CPU = Release|Any CPU
	EndGlobalSection
	GlobalSection(ProjectConfigurationPlatforms) = postSolution
		{C5F5FD38-3715-43B7-AD7D-DF924BF6E389}.Debug|Any CPU.ActiveCfg = Debug|Any CPU
		{C5F5FD38-3715-43B7-AD7D-DF924BF6E389}.Release|Any CPU.ActiveCfg = Release|Any CPU
	EndGlobalSection
	GlobalSection(SolutionProperties) = preSolution
		HideSolutionNode = FALSE
	EndGlobalSection
	GlobalSection(ExtensibilityGlobals) = postSolution
		SolutionGuid = {1C2E7C7E-8251-460F-9DDF-15A1AA4397F4}
	EndGlobalSection
EndGlobal
