
Microsoft Visual Studio Solution File, Format Version 12.00
# Visual Studio Version 16
VisualStudioVersion = 16.0.30320.27
MinimumVisualStudioVersion = 10.0.40219.1
Project("{888888A0-9F3D-457C-B088-3A5042F75D52}") = "Problem-026", "Problem-026\Problem-026.pyproj", "{159C8187-38BD-46E2-9984-CC88CB433E69}"
EndProject
Global
	GlobalSection(SolutionConfigurationPlatforms) = preSolution
		Debug|Any CPU = Debug|Any CPU
		Release|Any CPU = Release|Any CPU
	EndGlobalSection
	GlobalSection(ProjectConfigurationPlatforms) = postSolution
		{159C8187-38BD-46E2-9984-CC88CB433E69}.Debug|Any CPU.ActiveCfg = Debug|Any CPU
		{159C8187-38BD-46E2-9984-CC88CB433E69}.Release|Any CPU.ActiveCfg = Release|Any CPU
	EndGlobalSection
	GlobalSection(SolutionProperties) = preSolution
		HideSolutionNode = FALSE
	EndGlobalSection
	GlobalSection(ExtensibilityGlobals) = postSolution
		SolutionGuid = {AE4D64AD-3444-4610-B447-3730DB0413A3}
	EndGlobalSection
EndGlobal
